{"format_version":"0.1","terraform_version":"0.12.20","variables":{"instance_name":{"value":"terratest-example"}},"planned_values":{"outputs":{"instance_id":{"sensitive":false}},"root_module":{"resources":[{"address":"aws_instance.example","mode":"managed","type":"aws_instance","name":"example","provider_name":"aws","schema_version":1,"values":{"ami":"ami-01793b684af7a3e2c","credit_specification":[],"disable_api_termination":null,"ebs_optimized":null,"get_password_data":false,"hibernation":null,"iam_instance_profile":null,"instance_initiated_shutdown_behavior":null,"instance_type":"t2.micro","monitoring":null,"source_dest_check":true,"tags":{"Name":"terratest-example"},"timeouts":null,"user_data":null,"user_data_base64":null}}]}},"resource_changes":[{"address":"aws_instance.example","mode":"managed","type":"aws_instance","name":"example","provider_name":"aws","change":{"actions":["create"],"before":null,"after":{"ami":"ami-01793b684af7a3e2c","credit_specification":[],"disable_api_termination":null,"ebs_optimized":null,"get_password_data":false,"hibernation":null,"iam_instance_profile":null,"instance_initiated_shutdown_behavior":null,"instance_type":"t2.micro","monitoring":null,"source_dest_check":true,"tags":{"Name":"terratest-example"},"timeouts":null,"user_data":null,"user_data_base64":null},"after_unknown":{"arn":true,"associate_public_ip_address":true,"availability_zone":true,"cpu_core_count":true,"cpu_threads_per_core":true,"credit_specification":[],"ebs_block_device":true,"ephemeral_block_device":true,"host_id":true,"id":true,"instance_state":true,"ipv6_address_count":true,"ipv6_addresses":true,"key_name":true,"network_interface":true,"network_interface_id":true,"password_data":true,"placement_group":true,"primary_network_interface_id":true,"private_dns":true,"private_ip":true,"public_dns":true,"public_ip":true,"root_block_device":true,"security_groups":true,"subnet_id":true,"tags":{},"tenancy":true,"volume_tags":true,"vpc_security_group_ids":true}}}],"output_changes":{"instance_id":{"actions":["create"],"before":null,"after_unknown":true}},"prior_state":{"format_version":"0.1","terraform_version":"0.12.20","values":{"root_module":{"resources":[{"address":"data.aws_ami.ubuntu","mode":"data","type":"aws_ami","name":"ubuntu","provider_name":"aws","schema_version":0,"values":{"architecture":"x86_64","block_device_mappings":[{"device_name":"/dev/sda1","ebs":{"delete_on_termination":"true","encrypted":"false","iops":"0","snapshot_id":"snap-0388f1894a0ab93dc","volume_size":"8","volume_type":"gp2"},"no_device":"","virtual_name":""},{"device_name":"/dev/sdb","ebs":{},"no_device":"","virtual_name":"ephemeral0"},{"device_name":"/dev/sdc","ebs":{},"no_device":"","virtual_name":"ephemeral1"}],"creation_date":"2020-03-17T20:38:02.000Z","description":"Canonical, Ubuntu, 16.04 LTS, amd64 xenial image build on 2020-03-17","executable_users":null,"filter":[{"name":"architecture","values":["x86_64"]},{"name":"image-type","values":["machine"]},{"name":"name","values":["ubuntu/images/hvm-ssd/ubuntu-xenial-16.04-amd64-server-*"]},{"name":"virtualization-type","values":["hvm"]}],"hypervisor":"xen","id":"ami-01793b684af7a3e2c","image_id":"ami-01793b684af7a3e2c","image_location":"099720109477/ubuntu/images/hvm-ssd/ubuntu-xenial-16.04-amd64-server-20200317","image_owner_alias":null,"image_type":"machine","kernel_id":null,"most_recent":true,"name":"ubuntu/images/hvm-ssd/ubuntu-xenial-16.04-amd64-server-20200317","name_regex":null,"owner_id":"099720109477","owners":["099720109477"],"platform":null,"product_codes":[],"public":true,"ramdisk_id":null,"root_device_name":"/dev/sda1","root_device_type":"ebs","root_snapshot_id":"snap-0388f1894a0ab93dc","sriov_net_support":"simple","state":"available","state_reason":{"code":"UNSET","message":"UNSET"},"tags":{},"virtualization_type":"hvm"}}]}}},"configuration":{"root_module":{"outputs":{"instance_id":{"expression":{"references":["aws_instance.example"]}}},"resources":[{"address":"aws_instance.example","mode":"managed","type":"aws_instance","name":"example","provider_config_key":"aws","expressions":{"ami":{"references":["data.aws_ami.ubuntu"]},"instance_type":{"constant_value":"t2.micro"},"tags":{"references":["var.instance_name"]}},"schema_version":1},{"address":"data.aws_ami.ubuntu","mode":"data","type":"aws_ami","name":"ubuntu","provider_config_key":"aws","expressions":{"filter":[{"name":{"constant_value":"virtualization-type"},"values":{"constant_value":["hvm"]}},{"name":{"constant_value":"architecture"},"values":{"constant_value":["x86_64"]}},{"name":{"constant_value":"image-type"},"values":{"constant_value":["machine"]}},{"name":{"constant_value":"name"},"values":{"constant_value":["ubuntu/images/hvm-ssd/ubuntu-xenial-16.04-amd64-server-*"]}}],"most_recent":{"constant_value":true},"owners":{"constant_value":["099720109477"]}},"schema_version":0}],"variables":{"instance_name":{"default":"terratest-example","description":"The Name tag to set for the EC2 Instance."}}}}}
