{"format_version":"0.1","terraform_version":"0.12.20","variables":{"aws_region":{"value":"us-east-1"},"main_vpc_cidr":{"value":"10.10.0.0/16"},"private_subnet_cidr":{"value":"10.10.1.0/24"},"public_subnet_cidr":{"value":"10.10.2.0/24"},"tag_name":{"value":"terraform-network-example"}},"planned_values":{"outputs":{"main_vpc_id":{"sensitive":false},"private_subnet_id":{"sensitive":false},"public_subnet_id":{"sensitive":false}},"root_module":{"resources":[{"address":"aws_eip.nat","mode":"managed","type":"aws_eip","name":"nat","provider_name":"aws","schema_version":0,"values":{"associate_with_private_ip":null,"tags":null,"timeouts":null,"vpc":true}},{"address":"aws_internet_gateway.main_gateway","mode":"managed","type":"aws_internet_gateway","name":"main_gateway","provider_name":"aws","schema_version":0,"values":{"tags":{"Name":"terraform-network-example"}}},{"address":"aws_nat_gateway.nat","mode":"managed","type":"aws_nat_gateway","name":"nat","provider_name":"aws","schema_version":0,"values":{"tags":null}},{"address":"aws_route_table.private","mode":"managed","type":"aws_route_table","name":"private","provider_name":"aws","schema_version":0,"values":{"route":[{"cidr_block":"0.0.0.0/0","egress_only_gateway_id":"","gateway_id":"","instance_id":"","ipv6_cidr_block":"","network_interface_id":"","transit_gateway_id":"","vpc_peering_connection_id":""}],"tags":{"Name":"terraform-network-example"}}},{"address":"aws_route_table.public","mode":"managed","type":"aws_route_table","name":"public","provider_name":"aws","schema_version":0,"values":{"route":[{"cidr_block":"91.189.0.0/24","egress_only_gateway_id":"","instance_id":"","ipv6_cidr_block":"","nat_gateway_id":"","network_interface_id":"","transit_gateway_id":"","vpc_peering_connection_id":""}],"tags":{"Name":"terraform-network-example"}}},{"address":"aws_route_table_association.private","mode":"managed","type":"aws_route_table_association","name":"private","provider_name":"aws","schema_version":0,"values":{"gateway_id":null}},{"address":"aws_route_table_association.public","mode":"managed","type":"aws_route_table_association","name":"public","provider_name":"aws","schema_version":0,"values":{"gateway_id":null}},{"address":"aws_subnet.private","mode":"managed","type":"aws_subnet","name":"private","provider_name":"aws","schema_version":1,"values":{"assign_ipv6_address_on_creation":false,"availability_zone":"us-east-1a","cidr_block":"10.10.1.0/24","map_public_ip_on_launch":false,"tags":{"Name":"terraform-network-example"},"timeouts":null}},{"address":"aws_subnet.public","mode":"managed","type":"aws_subnet","name":"public","provider_name":"aws","schema_version":1,"values":{"assign_ipv6_address_on_creation":false,"availability_zone":"us-east-1a","cidr_block":"10.10.2.0/24","map_public_ip_on_launch":true,"tags":{"Name":"terraform-network-example"},"timeouts":null}},{"address":"aws_vpc.main","mode":"managed","type":"aws_vpc","name":"main","provider_name":"aws","schema_version":1,"values":{"assign_generated_ipv6_cidr_block":false,"cidr_block":"10.10.0.0/16","enable_dns_support":true,"instance_tenancy":"default","tags":{"Name":"terraform-network-example"}}}]}},"resource_changes":[{"address":"aws_eip.nat","mode":"managed","type":"aws_eip","name":"nat","provider_name":"aws","change":{"actions":["create"],"before":null,"after":{"associate_with_private_ip":null,"tags":null,"timeouts":null,"vpc":true},"after_unknown":{"allocation_id":true,"association_id":true,"domain":true,"id":true,"instance":true,"network_interface":true,"private_dns":true,"private_ip":true,"public_dns":true,"public_ip":true,"public_ipv4_pool":true}}},{"address":"aws_internet_gateway.main_gateway","mode":"managed","type":"aws_internet_gateway","name":"main_gateway","provider_name":"aws","change":{"actions":["create"],"before":null,"after":{"tags":{"Name":"terraform-network-example"}},"after_unknown":{"id":true,"owner_id":true,"tags":{},"vpc_id":true}}},{"address":"aws_nat_gateway.nat","mode":"managed","type":"aws_nat_gateway","name":"nat","provider_name":"aws","change":{"actions":["create"],"before":null,"after":{"tags":null},"after_unknown":{"allocation_id":true,"id":true,"network_interface_id":true,"private_ip":true,"public_ip":true,"subnet_id":true}}},{"address":"aws_route_table.private","mode":"managed","type":"aws_route_table","name":"private","provider_name":"aws","change":{"actions":["create"],"before":null,"after":{"route":[{"cidr_block":"0.0.0.0/0","egress_only_gateway_id":"","gateway_id":"","instance_id":"","ipv6_cidr_block":"","network_interface_id":"","transit_gateway_id":"","vpc_peering_connection_id":""}],"tags":{"Name":"terraform-network-example"}},"after_unknown":{"id":true,"owner_id":true,"propagating_vgws":true,"route":[{"nat_gateway_id":true}],"tags":{},"vpc_id":true}}},{"address":"aws_route_table.public","mode":"managed","type":"aws_route_table","name":"public","provider_name":"aws","change":{"actions":["create"],"before":null,"after":{"route":[{"cidr_block":"91.189.0.0/24","egress_only_gateway_id":"","instance_id":"","ipv6_cidr_block":"","nat_gateway_id":"","network_interface_id":"","transit_gateway_id":"","vpc_peering_connection_id":""}],"tags":{"Name":"terraform-network-example"}},"after_unknown":{"id":true,"owner_id":true,"propagating_vgws":true,"route":[{"gateway_id":true}],"tags":{},"vpc_id":true}}},{"address":"aws_route_table_association.private","mode":"managed","type":"aws_route_table_association","name":"private","provider_name":"aws","change":{"actions":["create"],"before":null,"after":{"gateway_id":null},"after_unknown":{"id":true,"route_table_id":true,"subnet_id":true}}},{"address":"aws_route_table_association.public","mode":"managed","type":"aws_route_table_association","name":"public","provider_name":"aws","change":{"actions":["create"],"before":null,"after":{"gateway_id":null},"after_unknown":{"id":true,"route_table_id":true,"subnet_id":true}}},{"address":"aws_subnet.private","mode":"managed","type":"aws_subnet","name":"private","provider_name":"aws","change":{"actions":["create"],"before":null,"after":{"assign_ipv6_address_on_creation":false,"availability_zone":"us-east-1a","cidr_block":"10.10.1.0/24","map_public_ip_on_launch":false,"tags":{"Name":"terraform-network-example"},"timeouts":null},"after_unknown":{"arn":true,"availability_zone_id":true,"id":true,"ipv6_cidr_block":true,"ipv6_cidr_block_association_id":true,"owner_id":true,"tags":{},"vpc_id":true}}},{"address":"aws_subnet.public","mode":"managed","type":"aws_subnet","name":"public","provider_name":"aws","change":{"actions":["create"],"before":null,"after":{"assign_ipv6_address_on_creation":false,"availability_zone":"us-east-1a","cidr_block":"10.10.2.0/24","map_public_ip_on_launch":true,"tags":{"Name":"terraform-network-example"},"timeouts":null},"after_unknown":{"arn":true,"availability_zone_id":true,"id":true,"ipv6_cidr_block":true,"ipv6_cidr_block_association_id":true,"owner_id":true,"tags":{},"vpc_id":true}}},{"address":"aws_vpc.main","mode":"managed","type":"aws_vpc","name":"main","provider_name":"aws","change":{"actions":["create"],"before":null,"after":{"assign_generated_ipv6_cidr_block":false,"cidr_block":"10.10.0.0/16","enable_dns_support":true,"instance_tenancy":"default","tags":{"Name":"terraform-network-example"}},"after_unknown":{"arn":true,"default_network_acl_id":true,"default_route_table_id":true,"default_security_group_id":true,"dhcp_options_id":true,"enable_classiclink":true,"enable_classiclink_dns_support":true,"enable_dns_hostnames":true,"id":true,"ipv6_association_id":true,"ipv6_cidr_block":true,"main_route_table_id":true,"owner_id":true,"tags":{}}}}],"output_changes":{"main_vpc_id":{"actions":["create"],"before":null,"after_unknown":true},"private_subnet_id":{"actions":["create"],"before":null,"after_unknown":true},"public_subnet_id":{"actions":["create"],"before":null,"after_unknown":true}},"prior_state":{"format_version":"0.1","terraform_version":"0.12.20","values":{"root_module":{"resources":[{"address":"data.aws_availability_zones.available","mode":"data","type":"aws_availability_zones","name":"available","provider_name":"aws","schema_version":0,"values":{"blacklisted_names":null,"blacklisted_zone_ids":null,"id":"2020-03-26 10:00:28.041033 +0000 UTC","names":["us-east-1a","us-east-1b","us-east-1c","us-east-1d","us-east-1e","us-east-1f"],"state":"available","zone_ids":["use1-az1","use1-az2","use1-az4","use1-az6","use1-az3","use1-az5"]}}]}}},"configuration":{"provider_config":{"aws":{"name":"aws","expressions":{"region":{"references":["var.aws_region"]}}}},"root_module":{"outputs":{"main_vpc_id":{"expression":{"references":["aws_vpc.main"]},"description":"The main VPC id"},"private_subnet_id":{"expression":{"references":["aws_subnet.private"]},"description":"The private subnet id"},"public_subnet_id":{"expression":{"references":["aws_subnet.public"]},"description":"The public subnet id"}},"resources":[{"address":"aws_eip.nat","mode":"managed","type":"aws_eip","name":"nat","provider_config_key":"aws","expressions":{"vpc":{"constant_value":true}},"schema_version":0},{"address":"aws_internet_gateway.main_gateway","mode":"managed","type":"aws_internet_gateway","name":"main_gateway","provider_config_key":"aws","expressions":{"tags":{"references":["var.tag_name"]},"vpc_id":{"references":["aws_vpc.main"]}},"schema_version":0},{"address":"aws_nat_gateway.nat","mode":"managed","type":"aws_nat_gateway","name":"nat","provider_config_key":"aws","expressions":{"allocation_id":{"references":["aws_eip.nat"]},"subnet_id":{"references":["aws_subnet.public"]}},"schema_version":0,"depends_on":["aws_internet_gateway.main_gateway"]},{"address":"aws_route_table.private","mode":"managed","type":"aws_route_table","name":"private","provider_config_key":"aws","expressions":{"tags":{"references":["var.tag_name"]},"vpc_id":{"references":["aws_vpc.main"]}},"schema_version":0},{"address":"aws_route_table.public","mode":"managed","type":"aws_route_table","name":"public","provider_config_key":"aws","expressions":{"tags":{"references":["var.tag_name"]},"vpc_id":{"references":["aws_vpc.main"]}},"schema_version":0},{"address":"aws_route_table_association.private","mode":"managed","type":"aws_route_table_association","name":"private","provider_config_key":"aws","expressions":{"route_table_id":{"references":["aws_route_table.private"]},"subnet_id":{"references":["aws_subnet.private"]}},"schema_version":0},{"address":"aws_route_table_association.public","mode":"managed","type":"aws_route_table_association","name":"public","provider_config_key":"aws","expressions":{"route_table_id":{"references":["aws_route_table.public"]},"subnet_id":{"references":["aws_subnet.public"]}},"schema_version":0},{"address":"aws_subnet.private","mode":"managed","type":"aws_subnet","name":"private","provider_config_key":"aws","expressions":{"availability_zone":{"references":["data.aws_availability_zones.available"]},"cidr_block":{"references":["var.private_subnet_cidr"]},"map_public_ip_on_launch":{"constant_value":false},"tags":{"references":["var.tag_name"]},"vpc_id":{"references":["aws_vpc.main"]}},"schema_version":1},{"address":"aws_subnet.public","mode":"managed","type":"aws_subnet","name":"public","provider_config_key":"aws","expressions":{"availability_zone":{"references":["data.aws_availability_zones.available"]},"cidr_block":{"references":["var.public_subnet_cidr"]},"map_public_ip_on_launch":{"constant_value":true},"tags":{"references":["var.tag_name"]},"vpc_id":{"references":["aws_vpc.main"]}},"schema_version":1},{"address":"aws_vpc.main","mode":"managed","type":"aws_vpc","name":"main","provider_config_key":"aws","expressions":{"cidr_block":{"references":["var.main_vpc_cidr"]},"tags":{"references":["var.tag_name"]}},"schema_version":1},{"address":"data.aws_availability_zones.available","mode":"data","type":"aws_availability_zones","name":"available","provider_config_key":"aws","expressions":{"state":{"constant_value":"available"}},"schema_version":0}],"variables":{"aws_region":{"default":"us-east-1","description":"The AWS region to deploy into"},"main_vpc_cidr":{"description":"The CIDR of the main VPC"},"private_subnet_cidr":{"description":"The CIDR of the private subnet"},"public_subnet_cidr":{"description":"The CIDR of public subnet"},"tag_name":{"default":"terraform-network-example","description":"A name used to tag the resource"}}}}}
